
Microsoft Visual Studio Solution File, Format Version 12.00
# Visual Studio 15
VisualStudioVersion = 15.0.28010.2016
MinimumVisualStudioVersion = 10.0.40219.1
Project("{FAE04EC0-301F-11D3-BF4B-00C04F79EFBC}") = "LogisticsMobile.Android", "LogisticsMobile\LogisticsMobile.Android\LogisticsMobile.Android.csproj", "{F05EA21D-9172-42D7-B5A7-1892CA85AC22}"
EndProject
Project("{FAE04EC0-301F-11D3-BF4B-00C04F79EFBC}") = "LogisticsMobile.iOS", "LogisticsMobile\LogisticsMobile.iOS\LogisticsMobile.iOS.csproj", "{98C1685A-7966-467F-B608-7E0AE316893A}"
EndProject
Project("{FAE04EC0-301F-11D3-BF4B-00C04F79EFBC}") = "LogisticsMobile", "LogisticsMobile\LogisticsMobile\LogisticsMobile.csproj", "{83D2B254-9B60-4FDC-BDF4-259EF32A163D}"
EndProject
Global
	GlobalSection(SolutionConfigurationPlatforms) = preSolution
		Ad-Hoc|Any CPU = Ad-Hoc|Any CPU
		Ad-Hoc|iPhone = Ad-Hoc|iPhone
		Ad-Hoc|iPhoneSimulator = Ad-Hoc|iPhoneSimulator
		AppStore|Any CPU = AppStore|Any CPU
		AppStore|iPhone = AppStore|iPhone
		AppStore|iPhoneSimulator = AppStore|iPhoneSimulator
		Debug|Any CPU = Debug|Any CPU
		Debug|iPhone = Debug|iPhone
		Debug|iPhoneSimulator = Debug|iPhoneSimulator
		Release|Any CPU = Release|Any CPU
		Release|iPhone = Release|iPhone
		Release|iPhoneSimulator = Release|iPhoneSimulator
	EndGlobalSection
	GlobalSection(ProjectConfigurationPlatforms) = postSolution
		{F05EA21D-9172-42D7-B5A7-1892CA85AC22}.Ad-Hoc|Any CPU.ActiveCfg = Release|Any CPU
		{F05EA21D-9172-42D7-B5A7-1892CA85AC22}.Ad-Hoc|Any CPU.Build.0 = Release|Any CPU
		{F05EA21D-9172-42D7-B5A7-1892CA85AC22}.Ad-Hoc|Any CPU.Deploy.0 = Release|Any CPU
		{F05EA21D-9172-42D7-B5A7-1892CA85AC22}.Ad-Hoc|iPhone.ActiveCfg = Release|Any CPU
		{F05EA21D-9172-42D7-B5A7-1892CA85AC22}.Ad-Hoc|iPhone.Build.0 = Release|Any CPU
		{F05EA21D-9172-42D7-B5A7-1892CA85AC22}.Ad-Hoc|iPhone.Deploy.0 = Release|Any CPU
		{F05EA21D-9172-42D7-B5A7-1892CA85AC22}.Ad-Hoc|iPhoneSimulator.ActiveCfg = Release|Any CPU
		{F05EA21D-9172-42D7-B5A7-1892CA85AC22}.Ad-Hoc|iPhoneSimulator.Build.0 = Release|Any CPU
		{F05EA21D-9172-42D7-B5A7-1892CA85AC22}.Ad-Hoc|iPhoneSimulator.Deploy.0 = Release|Any CPU
		{F05EA21D-9172-42D7-B5A7-1892CA85AC22}.AppStore|Any CPU.ActiveCfg = Release|Any CPU
		{F05EA21D-9172-42D7-B5A7-1892CA85AC22}.AppStore|Any CPU.Build.0 = Release|Any CPU
		{F05EA21D-9172-42D7-B5A7-1892CA85AC22}.AppStore|Any CPU.Deploy.0 = Release|Any CPU
		{F05EA21D-9172-42D7-B5A7-1892CA85AC22}.AppStore|iPhone.ActiveCfg = Release|Any CPU
		{F05EA21D-9172-42D7-B5A7-1892CA85AC22}.AppStore|iPhone.Build.0 = Release|Any CPU
		{F05EA21D-9172-42D7-B5A7-1892CA85AC22}.AppStore|iPhone.Deploy.0 = Release|Any CPU
		{F05EA21D-9172-42D7-B5A7-1892CA85AC22}.AppStore|iPhoneSimulator.ActiveCfg = Release|Any CPU
		{F05EA21D-9172-42D7-B5A7-1892CA85AC22}.AppStore|iPhoneSimulator.Build.0 = Release|Any CPU
		{F05EA21D-9172-42D7-B5A7-1892CA85AC22}.AppStore|iPhoneSimulator.Deploy.0 = Release|Any CPU
		{F05EA21D-9172-42D7-B5A7-1892CA85AC22}.Debug|Any CPU.ActiveCfg = Debug|Any CPU
		{F05EA21D-9172-42D7-B5A7-1892CA85AC22}.Debug|Any CPU.Build.0 = Debug|Any CPU
		{F05EA21D-9172-42D7-B5A7-1892CA85AC22}.Debug|Any CPU.Deploy.0 = Debug|Any CPU
		{F05EA21D-9172-42D7-B5A7-1892CA85AC22}.Debug|iPhone.ActiveCfg = Debug|Any CPU
		{F05EA21D-9172-42D7-B5A7-1892CA85AC22}.Debug|iPhone.Build.0 = Debug|Any CPU
		{F05EA21D-9172-42D7-B5A7-1892CA85AC22}.Debug|iPhone.Deploy.0 = Debug|Any CPU
		{F05EA21D-9172-42D7-B5A7-1892CA85AC22}.Debug|iPhoneSimulator.ActiveCfg = Debug|Any CPU
		{F05EA21D-9172-42D7-B5A7-1892CA85AC22}.Debug|iPhoneSimulator.Build.0 = Debug|Any CPU
		{F05EA21D-9172-42D7-B5A7-1892CA85AC22}.Debug|iPhoneSimulator.Deploy.0 = Debug|Any CPU
		{F05EA21D-9172-42D7-B5A7-1892CA85AC22}.Release|Any CPU.ActiveCfg = Release|Any CPU
		{F05EA21D-9172-42D7-B5A7-1892CA85AC22}.Release|Any CPU.Build.0 = Release|Any CPU
		{F05EA21D-9172-42D7-B5A7-1892CA85AC22}.Release|Any CPU.Deploy.0 = Release|Any CPU
		{F05EA21D-9172-42D7-B5A7-1892CA85AC22}.Release|iPhone.ActiveCfg = Release|Any CPU
		{F05EA21D-9172-42D7-B5A7-1892CA85AC22}.Release|iPhone.Build.0 = Release|Any CPU
		{F05EA21D-9172-42D7-B5A7-1892CA85AC22}.Release|iPhone.Deploy.0 = Release|Any CPU
		{F05EA21D-9172-42D7-B5A7-1892CA85AC22}.Release|iPhoneSimulator.ActiveCfg = Release|Any CPU
		{F05EA21D-9172-42D7-B5A7-1892CA85AC22}.Release|iPhoneSimulator.Build.0 = Release|Any CPU
		{F05EA21D-9172-42D7-B5A7-1892CA85AC22}.Release|iPhoneSimulator.Deploy.0 = Release|Any CPU
		{98C1685A-7966-467F-B608-7E0AE316893A}.Ad-Hoc|Any CPU.ActiveCfg = Ad-Hoc|iPhone
		{98C1685A-7966-467F-B608-7E0AE316893A}.Ad-Hoc|Any CPU.Build.0 = Ad-Hoc|iPhone
		{98C1685A-7966-467F-B608-7E0AE316893A}.Ad-Hoc|Any CPU.Deploy.0 = Ad-Hoc|iPhone
		{98C1685A-7966-467F-B608-7E0AE316893A}.Ad-Hoc|iPhone.ActiveCfg = Ad-Hoc|iPhone
		{98C1685A-7966-467F-B608-7E0AE316893A}.Ad-Hoc|iPhone.Build.0 = Ad-Hoc|iPhone
		{98C1685A-7966-467F-B608-7E0AE316893A}.Ad-Hoc|iPhone.Deploy.0 = Ad-Hoc|iPhone
		{98C1685A-7966-467F-B608-7E0AE316893A}.Ad-Hoc|iPhoneSimulator.ActiveCfg = Ad-Hoc|iPhoneSimulator
		{98C1685A-7966-467F-B608-7E0AE316893A}.Ad-Hoc|iPhoneSimulator.Build.0 = Ad-Hoc|iPhoneSimulator
		{98C1685A-7966-467F-B608-7E0AE316893A}.Ad-Hoc|iPhoneSimulator.Deploy.0 = Ad-Hoc|iPhoneSimulator
		{98C1685A-7966-467F-B608-7E0AE316893A}.AppStore|Any CPU.ActiveCfg = AppStore|iPhone
		{98C1685A-7966-467F-B608-7E0AE316893A}.AppStore|Any CPU.Build.0 = AppStore|iPhone
		{98C1685A-7966-467F-B608-7E0AE316893A}.AppStore|Any CPU.Deploy.0 = AppStore|iPhone
		{98C1685A-7966-467F-B608-7E0AE316893A}.AppStore|iPhone.ActiveCfg = AppStore|iPhone
		{98C1685A-7966-467F-B608-7E0AE316893A}.AppStore|iPhone.Build.0 = AppStore|iPhone
		{98C1685A-7966-467F-B608-7E0AE316893A}.AppStore|iPhone.Deploy.0 = AppStore|iPhone
		{98C1685A-7966-467F-B608-7E0AE316893A}.AppStore|iPhoneSimulator.ActiveCfg = AppStore|iPhoneSimulator
		{98C1685A-7966-467F-B608-7E0AE316893A}.AppStore|iPhoneSimulator.Build.0 = AppStore|iPhoneSimulator
		{98C1685A-7966-467F-B608-7E0AE316893A}.AppStore|iPhoneSimulator.Deploy.0 = AppStore|iPhoneSimulator
		{98C1685A-7966-467F-B608-7E0AE316893A}.Debug|Any CPU.ActiveCfg = Debug|iPhoneSimulator
		{98C1685A-7966-467F-B608-7E0AE316893A}.Debug|Any CPU.Build.0 = Debug|iPhoneSimulator
		{98C1685A-7966-467F-B608-7E0AE316893A}.Debug|Any CPU.Deploy.0 = Debug|iPhoneSimulator
		{98C1685A-7966-467F-B608-7E0AE316893A}.Debug|iPhone.ActiveCfg = Debug|iPhone
		{98C1685A-7966-467F-B608-7E0AE316893A}.Debug|iPhone.Build.0 = Debug|iPhone
		{98C1685A-7966-467F-B608-7E0AE316893A}.Debug|iPhone.Deploy.0 = Debug|iPhone
		{98C1685A-7966-467F-B608-7E0AE316893A}.Debug|iPhoneSimulator.ActiveCfg = Debug|iPhoneSimulator
		{98C1685A-7966-467F-B608-7E0AE316893A}.Debug|iPhoneSimulator.Build.0 = Debug|iPhoneSimulator
		{98C1685A-7966-467F-B608-7E0AE316893A}.Debug|iPhoneSimulator.Deploy.0 = Debug|iPhoneSimulator
		{98C1685A-7966-467F-B608-7E0AE316893A}.Release|Any CPU.ActiveCfg = Release|iPhone
		{98C1685A-7966-467F-B608-7E0AE316893A}.Release|Any CPU.Build.0 = Release|iPhone
		{98C1685A-7966-467F-B608-7E0AE316893A}.Release|Any CPU.Deploy.0 = Release|iPhone
		{98C1685A-7966-467F-B608-7E0AE316893A}.Release|iPhone.ActiveCfg = Release|iPhone
		{98C1685A-7966-467F-B608-7E0AE316893A}.Release|iPhone.Build.0 = Release|iPhone
		{98C1685A-7966-467F-B608-7E0AE316893A}.Release|iPhone.Deploy.0 = Release|iPhone
		{98C1685A-7966-467F-B608-7E0AE316893A}.Release|iPhoneSimulator.ActiveCfg = Release|iPhoneSimulator
		{98C1685A-7966-467F-B608-7E0AE316893A}.Release|iPhoneSimulator.Build.0 = Release|iPhoneSimulator
		{98C1685A-7966-467F-B608-7E0AE316893A}.Release|iPhoneSimulator.Deploy.0 = Release|iPhoneSimulator
		{83D2B254-9B60-4FDC-BDF4-259EF32A163D}.Ad-Hoc|Any CPU.ActiveCfg = Debug|Any CPU
		{83D2B254-9B60-4FDC-BDF4-259EF32A163D}.Ad-Hoc|Any CPU.Build.0 = Debug|Any CPU
		{83D2B254-9B60-4FDC-BDF4-259EF32A163D}.Ad-Hoc|Any CPU.Deploy.0 = Debug|Any CPU
		{83D2B254-9B60-4FDC-BDF4-259EF32A163D}.Ad-Hoc|iPhone.ActiveCfg = Debug|Any CPU
		{83D2B254-9B60-4FDC-BDF4-259EF32A163D}.Ad-Hoc|iPhone.Build.0 = Debug|Any CPU
		{83D2B254-9B60-4FDC-BDF4-259EF32A163D}.Ad-Hoc|iPhone.Deploy.0 = Debug|Any CPU
		{83D2B254-9B60-4FDC-BDF4-259EF32A163D}.Ad-Hoc|iPhoneSimulator.ActiveCfg = Debug|Any CPU
		{83D2B254-9B60-4FDC-BDF4-259EF32A163D}.Ad-Hoc|iPhoneSimulator.Build.0 = Debug|Any CPU
		{83D2B254-9B60-4FDC-BDF4-259EF32A163D}.Ad-Hoc|iPhoneSimulator.Deploy.0 = Debug|Any CPU
		{83D2B254-9B60-4FDC-BDF4-259EF32A163D}.AppStore|Any CPU.ActiveCfg = Debug|Any CPU
		{83D2B254-9B60-4FDC-BDF4-259EF32A163D}.AppStore|Any CPU.Build.0 = Debug|Any CPU
		{83D2B254-9B60-4FDC-BDF4-259EF32A163D}.AppStore|Any CPU.Deploy.0 = Debug|Any CPU
		{83D2B254-9B60-4FDC-BDF4-259EF32A163D}.AppStore|iPhone.ActiveCfg = Debug|Any CPU
		{83D2B254-9B60-4FDC-BDF4-259EF32A163D}.AppStore|iPhone.Build.0 = Debug|Any CPU
		{83D2B254-9B60-4FDC-BDF4-259EF32A163D}.AppStore|iPhone.Deploy.0 = Debug|Any CPU
		{83D2B254-9B60-4FDC-BDF4-259EF32A163D}.AppStore|iPhoneSimulator.ActiveCfg = Debug|Any CPU
		{83D2B254-9B60-4FDC-BDF4-259EF32A163D}.AppStore|iPhoneSimulator.Build.0 = Debug|Any CPU
		{83D2B254-9B60-4FDC-BDF4-259EF32A163D}.AppStore|iPhoneSimulator.Deploy.0 = Debug|Any CPU
		{83D2B254-9B60-4FDC-BDF4-259EF32A163D}.Debug|Any CPU.ActiveCfg = Debug|Any CPU
		{83D2B254-9B60-4FDC-BDF4-259EF32A163D}.Debug|Any CPU.Build.0 = Debug|Any CPU
		{83D2B254-9B60-4FDC-BDF4-259EF32A163D}.Debug|Any CPU.Deploy.0 = Debug|Any CPU
		{83D2B254-9B60-4FDC-BDF4-259EF32A163D}.Debug|iPhone.ActiveCfg = Debug|Any CPU
		{83D2B254-9B60-4FDC-BDF4-259EF32A163D}.Debug|iPhone.Build.0 = Debug|Any CPU
		{83D2B254-9B60-4FDC-BDF4-259EF32A163D}.Debug|iPhone.Deploy.0 = Debug|Any CPU
		{83D2B254-9B60-4FDC-BDF4-259EF32A163D}.Debug|iPhoneSimulator.ActiveCfg = Debug|Any CPU
		{83D2B254-9B60-4FDC-BDF4-259EF32A163D}.Debug|iPhoneSimulator.Build.0 = Debug|Any CPU
		{83D2B254-9B60-4FDC-BDF4-259EF32A163D}.Debug|iPhoneSimulator.Deploy.0 = Debug|Any CPU
		{83D2B254-9B60-4FDC-BDF4-259EF32A163D}.Release|Any CPU.ActiveCfg = Release|Any CPU
		{83D2B254-9B60-4FDC-BDF4-259EF32A163D}.Release|Any CPU.Build.0 = Release|Any CPU
		{83D2B254-9B60-4FDC-BDF4-259EF32A163D}.Release|Any CPU.Deploy.0 = Release|Any CPU
		{83D2B254-9B60-4FDC-BDF4-259EF32A163D}.Release|iPhone.ActiveCfg = Release|Any CPU
		{83D2B254-9B60-4FDC-BDF4-259EF32A163D}.Release|iPhone.Build.0 = Release|Any CPU
		{83D2B254-9B60-4FDC-BDF4-259EF32A163D}.Release|iPhone.Deploy.0 = Release|Any CPU
		{83D2B254-9B60-4FDC-BDF4-259EF32A163D}.Release|iPhoneSimulator.ActiveCfg = Release|Any CPU
		{83D2B254-9B60-4FDC-BDF4-259EF32A163D}.Release|iPhoneSimulator.Build.0 = Release|Any CPU
		{83D2B254-9B60-4FDC-BDF4-259EF32A163D}.Release|iPhoneSimulator.Deploy.0 = Release|Any CPU
	EndGlobalSection
	GlobalSection(SolutionProperties) = preSolution
		HideSolutionNode = FALSE
	EndGlobalSection
	GlobalSection(ExtensibilityGlobals) = postSolution
		SolutionGuid = {7253DCC8-58B9-4924-91C3-827BFE44BC6E}
	EndGlobalSection
EndGlobal
